
Microsoft Visual Studio Solution File, Format Version 12.00
# Visual Studio 15
VisualStudioVersion = 15.0.27428.2037
MinimumVisualStudioVersion = 10.0.40219.1
Project("{9A19103F-16F7-4668-BE54-9A1E7A4F7556}") = "RedditLiveFeed", "RedditLiveFeed.csproj", "{02746C14-D3E6-44BE-845E-825EA733A0BB}"
EndProject
Global
	GlobalSection(SolutionConfigurationPlatforms) = preSolution
		Debug|Any CPU = Debug|Any CPU
		Release|Any CPU = Release|Any CPU
	EndGlobalSection
	GlobalSection(ProjectConfigurationPlatforms) = postSolution
		{02746C14-D3E6-44BE-845E-825EA733A0BB}.Debug|Any CPU.ActiveCfg = Debug|Any CPU
		{02746C14-D3E6-44BE-845E-825EA733A0BB}.Debug|Any CPU.Build.0 = Debug|Any CPU
		{02746C14-D3E6-44BE-845E-825EA733A0BB}.Release|Any CPU.ActiveCfg = Release|Any CPU
		{02746C14-D3E6-44BE-845E-825EA733A0BB}.Release|Any CPU.Build.0 = Release|Any CPU
	EndGlobalSection
	GlobalSection(SolutionProperties) = preSolution
		HideSolutionNode = FALSE
	EndGlobalSection
	GlobalSection(ExtensibilityGlobals) = postSolution
		SolutionGuid = {4EFFBA22-D4D5-4C0C-BB6D-04949330C049}
	EndGlobalSection
EndGlobal
